
Microsoft Visual Studio Solution File, Format Version 12.00
# Visual Studio Version 17
VisualStudioVersion = 17.3.32811.315
MinimumVisualStudioVersion = 10.0.40219.1
Project("{FAE04EC0-301F-11D3-BF4B-00C04F79EFBC}") = "atv8pr2", "atv8pr2\atv8pr2.csproj", "{A4B5EAF7-4E5C-4EDF-AF82-8849691FD16F}"
EndProject
Global
	GlobalSection(SolutionConfigurationPlatforms) = preSolution
		Debug|Any CPU = Debug|Any CPU
		Release|Any CPU = Release|Any CPU
	EndGlobalSection
	GlobalSection(ProjectConfigurationPlatforms) = postSolution
		{A4B5EAF7-4E5C-4EDF-AF82-8849691FD16F}.Debug|Any CPU.ActiveCfg = Debug|Any CPU
		{A4B5EAF7-4E5C-4EDF-AF82-8849691FD16F}.Debug|Any CPU.Build.0 = Debug|Any CPU
		{A4B5EAF7-4E5C-4EDF-AF82-8849691FD16F}.Release|Any CPU.ActiveCfg = Release|Any CPU
		{A4B5EAF7-4E5C-4EDF-AF82-8849691FD16F}.Release|Any CPU.Build.0 = Release|Any CPU
	EndGlobalSection
	GlobalSection(SolutionProperties) = preSolution
		HideSolutionNode = FALSE
	EndGlobalSection
	GlobalSection(ExtensibilityGlobals) = postSolution
		SolutionGuid = {91A9125D-AA45-4100-AC8C-B6A0E12AEDD4}
	EndGlobalSection
EndGlobal
